// !$*UTF8*$!
{
	archiveVersion = 1;
	classes = {
	};
	objectVersion = 50;
	objects = {

/* Begin PBXBuildFile section */
		366E0B9C23BE73F000864C32 /* FollowersListController.swift in Sources */ = {isa = PBXBuildFile; fileRef = 366E0B9B23BE73F000864C32 /* FollowersListController.swift */; };
		36C08D3323BB0672003378DD /* AppDelegate.swift in Sources */ = {isa = PBXBuildFile; fileRef = 36C08D3223BB0672003378DD /* AppDelegate.swift */; };
		36C08D3523BB0672003378DD /* SceneDelegate.swift in Sources */ = {isa = PBXBuildFile; fileRef = 36C08D3423BB0672003378DD /* SceneDelegate.swift */; };
		36C08D3C23BB0674003378DD /* Assets.xcassets in Resources */ = {isa = PBXBuildFile; fileRef = 36C08D3B23BB0674003378DD /* Assets.xcassets */; };
		36C08D3F23BB0674003378DD /* LaunchScreen.storyboard in Resources */ = {isa = PBXBuildFile; fileRef = 36C08D3D23BB0674003378DD /* LaunchScreen.storyboard */; };
		36C08D4723BB0E04003378DD /* SearchController.swift in Sources */ = {isa = PBXBuildFile; fileRef = 36C08D4623BB0E04003378DD /* SearchController.swift */; };
		36C08D4923BB0E2F003378DD /* FavoritesController.swift in Sources */ = {isa = PBXBuildFile; fileRef = 36C08D4823BB0E2F003378DD /* FavoritesController.swift */; };
		36C08D4B23BB14B0003378DD /* GFButton.swift in Sources */ = {isa = PBXBuildFile; fileRef = 36C08D4A23BB14B0003378DD /* GFButton.swift */; };
		36C08D4D23BBC893003378DD /* GFTextField.swift in Sources */ = {isa = PBXBuildFile; fileRef = 36C08D4C23BBC893003378DD /* GFTextField.swift */; };
		36C08D5023BC002D003378DD /* UIView+Layout.swift in Sources */ = {isa = PBXBuildFile; fileRef = 36C08D4F23BC002D003378DD /* UIView+Layout.swift */; };
		36F2805B23C067CC00A3D95B /* String+Ext.swift in Sources */ = {isa = PBXBuildFile; fileRef = 36F2805A23C067CC00A3D95B /* String+Ext.swift */; };
/* End PBXBuildFile section */

/* Begin PBXFileReference section */
		366E0B9B23BE73F000864C32 /* FollowersListController.swift */ = {isa = PBXFileReference; lastKnownFileType = sourcecode.swift; path = FollowersListController.swift; sourceTree = "<group>"; };
		36C08D2F23BB0672003378DD /* GHub Squad.app */ = {isa = PBXFileReference; explicitFileType = wrapper.application; includeInIndex = 0; path = "GHub Squad.app"; sourceTree = BUILT_PRODUCTS_DIR; };
		36C08D3223BB0672003378DD /* AppDelegate.swift */ = {isa = PBXFileReference; lastKnownFileType = sourcecode.swift; path = AppDelegate.swift; sourceTree = "<group>"; };
		36C08D3423BB0672003378DD /* SceneDelegate.swift */ = {isa = PBXFileReference; lastKnownFileType = sourcecode.swift; path = SceneDelegate.swift; sourceTree = "<group>"; };
		36C08D3B23BB0674003378DD /* Assets.xcassets */ = {isa = PBXFileReference; lastKnownFileType = folder.assetcatalog; path = Assets.xcassets; sourceTree = "<group>"; };
		36C08D3E23BB0674003378DD /* Base */ = {isa = PBXFileReference; lastKnownFileType = file.storyboard; name = Base; path = Base.lproj/LaunchScreen.storyboard; sourceTree = "<group>"; };
		36C08D4023BB0674003378DD /* Info.plist */ = {isa = PBXFileReference; lastKnownFileType = text.plist.xml; path = Info.plist; sourceTree = "<group>"; };
		36C08D4623BB0E04003378DD /* SearchController.swift */ = {isa = PBXFileReference; lastKnownFileType = sourcecode.swift; path = SearchController.swift; sourceTree = "<group>"; };
		36C08D4823BB0E2F003378DD /* FavoritesController.swift */ = {isa = PBXFileReference; lastKnownFileType = sourcecode.swift; path = FavoritesController.swift; sourceTree = "<group>"; };
		36C08D4A23BB14B0003378DD /* GFButton.swift */ = {isa = PBXFileReference; lastKnownFileType = sourcecode.swift; path = GFButton.swift; sourceTree = "<group>"; };
		36C08D4C23BBC893003378DD /* GFTextField.swift */ = {isa = PBXFileReference; lastKnownFileType = sourcecode.swift; path = GFTextField.swift; sourceTree = "<group>"; };
		36C08D4F23BC002D003378DD /* UIView+Layout.swift */ = {isa = PBXFileReference; lastKnownFileType = sourcecode.swift; path = "UIView+Layout.swift"; sourceTree = "<group>"; };
		36F2805A23C067CC00A3D95B /* String+Ext.swift */ = {isa = PBXFileReference; lastKnownFileType = sourcecode.swift; path = "String+Ext.swift"; sourceTree = "<group>"; };
/* End PBXFileReference section */

/* Begin PBXFrameworksBuildPhase section */
		36C08D2C23BB0672003378DD /* Frameworks */ = {
			isa = PBXFrameworksBuildPhase;
			buildActionMask = 2147483647;
			files = (
			);
			runOnlyForDeploymentPostprocessing = 0;
		};
/* End PBXFrameworksBuildPhase section */

/* Begin PBXGroup section */
		36C08D2623BB0672003378DD = {
			isa = PBXGroup;
			children = (
				36C08D3123BB0672003378DD /* GHub Squad */,
				36C08D3023BB0672003378DD /* Products */,
			);
			sourceTree = "<group>";
		};
		36C08D3023BB0672003378DD /* Products */ = {
			isa = PBXGroup;
			children = (
				36C08D2F23BB0672003378DD /* GHub Squad.app */,
			);
			name = Products;
			sourceTree = "<group>";
		};
		36C08D3123BB0672003378DD /* GHub Squad */ = {
			isa = PBXGroup;
			children = (
				36C08D4E23BBFFE2003378DD /* Helpers */,
				36C08D3223BB0672003378DD /* AppDelegate.swift */,
				36C08D3423BB0672003378DD /* SceneDelegate.swift */,
				36C08D3B23BB0674003378DD /* Assets.xcassets */,
				36C08D3D23BB0674003378DD /* LaunchScreen.storyboard */,
				36C08D4023BB0674003378DD /* Info.plist */,
				36C08D4623BB0E04003378DD /* SearchController.swift */,
				36C08D4823BB0E2F003378DD /* FavoritesController.swift */,
				36C08D4A23BB14B0003378DD /* GFButton.swift */,
				36C08D4C23BBC893003378DD /* GFTextField.swift */,
				366E0B9B23BE73F000864C32 /* FollowersListController.swift */,
			);
			path = "GHub Squad";
			sourceTree = "<group>";
		};
		36C08D4E23BBFFE2003378DD /* Helpers */ = {
			isa = PBXGroup;
			children = (
				36C08D4F23BC002D003378DD /* UIView+Layout.swift */,
				36F2805A23C067CC00A3D95B /* String+Ext.swift */,
			);
			path = Helpers;
			sourceTree = "<group>";
		};
/* End PBXGroup section */

/* Begin PBXNativeTarget section */
		36C08D2E23BB0672003378DD /* GHub Squad */ = {
			isa = PBXNativeTarget;
			buildConfigurationList = 36C08D4323BB0674003378DD /* Build configuration list for PBXNativeTarget "GHub Squad" */;
			buildPhases = (
				36C08D2B23BB0672003378DD /* Sources */,
				36C08D2C23BB0672003378DD /* Frameworks */,
				36C08D2D23BB0672003378DD /* Resources */,
			);
			buildRules = (
			);
			dependencies = (
			);
			name = "GHub Squad";
			productName = "GHub Squad";
			productReference = 36C08D2F23BB0672003378DD /* GHub Squad.app */;
			productType = "com.apple.product-type.application";
		};
/* End PBXNativeTarget section */

/* Begin PBXProject section */
		36C08D2723BB0672003378DD /* Project object */ = {
			isa = PBXProject;
			attributes = {
				LastSwiftUpdateCheck = 1130;
				LastUpgradeCheck = 1130;
				ORGANIZATIONNAME = GeeTeam;
				TargetAttributes = {
					36C08D2E23BB0672003378DD = {
						CreatedOnToolsVersion = 11.3;
					};
				};
			};
			buildConfigurationList = 36C08D2A23BB0672003378DD /* Build configuration list for PBXProject "GHub Squad" */;
			compatibilityVersion = "Xcode 9.3";
			developmentRegion = en;
			hasScannedForEncodings = 0;
			knownRegions = (
				en,
				Base,
			);
			mainGroup = 36C08D2623BB0672003378DD;
			productRefGroup = 36C08D3023BB0672003378DD /* Products */;
			projectDirPath = "";
			projectRoot = "";
			targets = (
				36C08D2E23BB0672003378DD /* GHub Squad */,
			);
		};
/* End PBXProject section */

/* Begin PBXResourcesBuildPhase section */
		36C08D2D23BB0672003378DD /* Resources */ = {
			isa = PBXResourcesBuildPhase;
			buildActionMask = 2147483647;
			files = (
				36C08D3F23BB0674003378DD /* LaunchScreen.storyboard in Resources */,
				36C08D3C23BB0674003378DD /* Assets.xcassets in Resources */,
			);
			runOnlyForDeploymentPostprocessing = 0;
		};
/* End PBXResourcesBuildPhase section */

/* Begin PBXSourcesBuildPhase section */
		36C08D2B23BB0672003378DD /* Sources */ = {
			isa = PBXSourcesBuildPhase;
			buildActionMask = 2147483647;
			files = (
				36F2805B23C067CC00A3D95B /* String+Ext.swift in Sources */,
				36C08D4D23BBC893003378DD /* GFTextField.swift in Sources */,
				36C08D4723BB0E04003378DD /* SearchController.swift in Sources */,
				36C08D4B23BB14B0003378DD /* GFButton.swift in Sources */,
				36C08D3323BB0672003378DD /* AppDelegate.swift in Sources */,
				36C08D3523BB0672003378DD /* SceneDelegate.swift in Sources */,
				366E0B9C23BE73F000864C32 /* FollowersListController.swift in Sources */,
				36C08D5023BC002D003378DD /* UIView+Layout.swift in Sources */,
				36C08D4923BB0E2F003378DD /* FavoritesController.swift in Sources */,
			);
			runOnlyForDeploymentPostprocessing = 0;
		};
/* End PBXSourcesBuildPhase section */

/* Begin PBXVariantGroup section */
		36C08D3D23BB0674003378DD /* LaunchScreen.storyboard */ = {
			isa = PBXVariantGroup;
			children = (
				36C08D3E23BB0674003378DD /* Base */,
			);
			name = LaunchScreen.storyboard;
			sourceTree = "<group>";
		};
/* End PBXVariantGroup section */

/* Begin XCBuildConfiguration section */
		36C08D4123BB0674003378DD /* Debug */ = {
			isa = XCBuildConfiguration;
			buildSettings = {
				ALWAYS_SEARCH_USER_PATHS = NO;
				CLANG_ANALYZER_NONNULL = YES;
				CLANG_ANALYZER_NUMBER_OBJECT_CONVERSION = YES_AGGRESSIVE;
				CLANG_CXX_LANGUAGE_STANDARD = "gnu++14";
				CLANG_CXX_LIBRARY = "libc++";
				CLANG_ENABLE_MODULES = YES;
				CLANG_ENABLE_OBJC_ARC = YES;
				CLANG_ENABLE_OBJC_WEAK = YES;
				CLANG_WARN_BLOCK_CAPTURE_AUTORELEASING = YES;
				CLANG_WARN_BOOL_CONVERSION = YES;
				CLANG_WARN_COMMA = YES;
				CLANG_WARN_CONSTANT_CONVERSION = YES;
				CLANG_WARN_DEPRECATED_OBJC_IMPLEMENTATIONS = YES;
				CLANG_WARN_DIRECT_OBJC_ISA_USAGE = YES_ERROR;
				CLANG_WARN_DOCUMENTATION_COMMENTS = YES;
				CLANG_WARN_EMPTY_BODY = YES;
				CLANG_WARN_ENUM_CONVERSION = YES;
				CLANG_WARN_INFINITE_RECURSION = YES;
				CLANG_WARN_INT_CONVERSION = YES;
				CLANG_WARN_NON_LITERAL_NULL_CONVERSION = YES;
				CLANG_WARN_OBJC_IMPLICIT_RETAIN_SELF = YES;
				CLANG_WARN_OBJC_LITERAL_CONVERSION = YES;
				CLANG_WARN_OBJC_ROOT_CLASS = YES_ERROR;
				CLANG_WARN_RANGE_LOOP_ANALYSIS = YES;
				CLANG_WARN_STRICT_PROTOTYPES = YES;
				CLANG_WARN_SUSPICIOUS_MOVE = YES;
				CLANG_WARN_UNGUARDED_AVAILABILITY = YES_AGGRESSIVE;
				CLANG_WARN_UNREACHABLE_CODE = YES;
				CLANG_WARN__DUPLICATE_METHOD_MATCH = YES;
				COPY_PHASE_STRIP = NO;
				DEBUG_INFORMATION_FORMAT = dwarf;
				ENABLE_STRICT_OBJC_MSGSEND = YES;
				ENABLE_TESTABILITY = YES;
				GCC_C_LANGUAGE_STANDARD = gnu11;
				GCC_DYNAMIC_NO_PIC = NO;
				GCC_NO_COMMON_BLOCKS = YES;
				GCC_OPTIMIZATION_LEVEL = 0;
				GCC_PREPROCESSOR_DEFINITIONS = (
					"DEBUG=1",
					"$(inherited)",
				);
				GCC_WARN_64_TO_32_BIT_CONVERSION = YES;
				GCC_WARN_ABOUT_RETURN_TYPE = YES_ERROR;
				GCC_WARN_UNDECLARED_SELECTOR = YES;
				GCC_WARN_UNINITIALIZED_AUTOS = YES_AGGRESSIVE;
				GCC_WARN_UNUSED_FUNCTION = YES;
				GCC_WARN_UNUSED_VARIABLE = YES;
				IPHONEOS_DEPLOYMENT_TARGET = 13.2;
				MTL_ENABLE_DEBUG_INFO = INCLUDE_SOURCE;
				MTL_FAST_MATH = YES;
				ONLY_ACTIVE_ARCH = YES;
				SDKROOT = iphoneos;
				SWIFT_ACTIVE_COMPILATION_CONDITIONS = DEBUG;
				SWIFT_OPTIMIZATION_LEVEL = "-Onone";
			};
			name = Debug;
		};
		36C08D4223BB0674003378DD /* Release */ = {
			isa = XCBuildConfiguration;
			buildSettings = {
				ALWAYS_SEARCH_USER_PATHS = NO;
				CLANG_ANALYZER_NONNULL = YES;
				CLANG_ANALYZER_NUMBER_OBJECT_CONVERSION = YES_AGGRESSIVE;
				CLANG_CXX_LANGUAGE_STANDARD = "gnu++14";
				CLANG_CXX_LIBRARY = "libc++";
				CLANG_ENABLE_MODULES = YES;
				CLANG_ENABLE_OBJC_ARC = YES;
				CLANG_ENABLE_OBJC_WEAK = YES;
				CLANG_WARN_BLOCK_CAPTURE_AUTORELEASING = YES;
				CLANG_WARN_BOOL_CONVERSION = YES;
				CLANG_WARN_COMMA = YES;
				CLANG_WARN_CONSTANT_CONVERSION = YES;
				CLANG_WARN_DEPRECATED_OBJC_IMPLEMENTATIONS = YES;
				CLANG_WARN_DIRECT_OBJC_ISA_USAGE = YES_ERROR;
				CLANG_WARN_DOCUMENTATION_COMMENTS = YES;
				CLANG_WARN_EMPTY_BODY = YES;
				CLANG_WARN_ENUM_CONVERSION = YES;
				CLANG_WARN_INFINITE_RECURSION = YES;
				CLANG_WARN_INT_CONVERSION = YES;
				CLANG_WARN_NON_LITERAL_NULL_CONVERSION = YES;
				CLANG_WARN_OBJC_IMPLICIT_RETAIN_SELF = YES;
				CLANG_WARN_OBJC_LITERAL_CONVERSION = YES;
				CLANG_WARN_OBJC_ROOT_CLASS = YES_ERROR;
				CLANG_WARN_RANGE_LOOP_ANALYSIS = YES;
				CLANG_WARN_STRICT_PROTOTYPES = YES;
				CLANG_WARN_SUSPICIOUS_MOVE = YES;
				CLANG_WARN_UNGUARDED_AVAILABILITY = YES_AGGRESSIVE;
				CLANG_WARN_UNREACHABLE_CODE = YES;
				CLANG_WARN__DUPLICATE_METHOD_MATCH = YES;
				COPY_PHASE_STRIP = NO;
				DEBUG_INFORMATION_FORMAT = "dwarf-with-dsym";
				ENABLE_NS_ASSERTIONS = NO;
				ENABLE_STRICT_OBJC_MSGSEND = YES;
				GCC_C_LANGUAGE_STANDARD = gnu11;
				GCC_NO_COMMON_BLOCKS = YES;
				GCC_WARN_64_TO_32_BIT_CONVERSION = YES;
				GCC_WARN_ABOUT_RETURN_TYPE = YES_ERROR;
				GCC_WARN_UNDECLARED_SELECTOR = YES;
				GCC_WARN_UNINITIALIZED_AUTOS = YES_AGGRESSIVE;
				GCC_WARN_UNUSED_FUNCTION = YES;
				GCC_WARN_UNUSED_VARIABLE = YES;
				IPHONEOS_DEPLOYMENT_TARGET = 13.2;
				MTL_ENABLE_DEBUG_INFO = NO;
				MTL_FAST_MATH = YES;
				SDKROOT = iphoneos;
				SWIFT_COMPILATION_MODE = wholemodule;
				SWIFT_OPTIMIZATION_LEVEL = "-O";
				VALIDATE_PRODUCT = YES;
			};
			name = Release;
		};
		36C08D4423BB0674003378DD /* Debug */ = {
			isa = XCBuildConfiguration;
			buildSettings = {
				ASSETCATALOG_COMPILER_APPICON_NAME = AppIcon;
				CODE_SIGN_STYLE = Automatic;
				DEVELOPMENT_TEAM = 2WCCWSFG99;
				INFOPLIST_FILE = "GHub Squad/Info.plist";
				LD_RUNPATH_SEARCH_PATHS = (
					"$(inherited)",
					"@executable_path/Frameworks",
				);
				PRODUCT_BUNDLE_IDENTIFIER = "com.GeeTeam.GHub-Squad";
				PRODUCT_NAME = "$(TARGET_NAME)";
				SWIFT_VERSION = 5.0;
				TARGETED_DEVICE_FAMILY = 1;
			};
			name = Debug;
		};
		36C08D4523BB0674003378DD /* Release */ = {
			isa = XCBuildConfiguration;
			buildSettings = {
				ASSETCATALOG_COMPILER_APPICON_NAME = AppIcon;
				CODE_SIGN_STYLE = Automatic;
				DEVELOPMENT_TEAM = 2WCCWSFG99;
				INFOPLIST_FILE = "GHub Squad/Info.plist";
				LD_RUNPATH_SEARCH_PATHS = (
					"$(inherited)",
					"@executable_path/Frameworks",
				);
				PRODUCT_BUNDLE_IDENTIFIER = "com.GeeTeam.GHub-Squad";
				PRODUCT_NAME = "$(TARGET_NAME)";
				SWIFT_VERSION = 5.0;
				TARGETED_DEVICE_FAMILY = 1;
			};
			name = Release;
		};
/* End XCBuildConfiguration section */

/* Begin XCConfigurationList section */
		36C08D2A23BB0672003378DD /* Build configuration list for PBXProject "GHub Squad" */ = {
			isa = XCConfigurationList;
			buildConfigurations = (
				36C08D4123BB0674003378DD /* Debug */,
				36C08D4223BB0674003378DD /* Release */,
			);
			defaultConfigurationIsVisible = 0;
			defaultConfigurationName = Release;
		};
		36C08D4323BB0674003378DD /* Build configuration list for PBXNativeTarget "GHub Squad" */ = {
			isa = XCConfigurationList;
			buildConfigurations = (
				36C08D4423BB0674003378DD /* Debug */,
				36C08D4523BB0674003378DD /* Release */,
			);
			defaultConfigurationIsVisible = 0;
			defaultConfigurationName = Release;
		};
/* End XCConfigurationList section */
	};
	rootObject = 36C08D2723BB0672003378DD /* Project object */;
}
